<?xml version="1.0" encoding="utf-8"?>
<Project ToolsVersion="4.0" xmlns="http://schemas.microsoft.com/developer/msbuild/2003">
  <ItemGroup>
    <FxCompile Include="VS_BasicMatrix.hlsl">
      <Filter>Shaders</Filter>
    </FxCompile>
    <FxCompile Include="VS_Basic.hlsl">
      <Filter>Shaders</Filter>
    </FxCompile>
    <FxCompile Include="PS_Basic.hlsl">
      <Filter>Shaders</Filter>
    </FxCompile>
    <FxCompile Include="VS_PUV.hlsl">
      <Filter>Shaders</Filter>
    </FxCompile>
    <FxCompile Include="PS_PUV.hlsl">
      <Filter>Shaders</Filter>
    </FxCompile>
  </ItemGroup>
  <ItemGroup>
    <ClCompile Include="Camera.cpp" />
    <ClCompile Include="Game.cpp" />
    <ClCompile Include="Helpers.cpp" />
    <ClCompile Include="Main.cpp" />
    <ClCompile Include="Shader.cpp" />
    <ClCompile Include="RectData.cpp" />
    <ClCompile Include="Controller.cpp" />
    <ClCompile Include="Texture.cpp" />
    <ClCompile Include="DDSTextureLoader.cpp" />
    <ClCompile Include="Particle.cpp" />
    <ClCompile Include="Object.cpp" />
    <ClCompile Include="Timer.cpp" />
    <ClCompile Include="Input.cpp" />
    <ClCompile Include="TileBatch.cpp" />
    <ClCompile Include="Shape.cpp" />
    <ClCompile Include="Map.cpp" />
    <ClCompile Include="Data.cpp" />
    <ClCompile Include="Item.cpp" />
    <ClCompile Include="Sprite.cpp" />
    <ClCompile Include="Player.cpp" />
    <ClCompile Include="WeaponEmitter.cpp" />
    <ClCompile Include="Part.cpp" />
    <ClCompile Include="Gun.cpp" />
    <ClCompile Include="Dx.cpp" />
    <ClCompile Include="Gme.cpp" />
    <ClCompile Include="UI.cpp" />
  </ItemGroup>
  <ItemGroup>
    <ClInclude Include="DataTypes.h">
      <Filter>headers</Filter>
    </ClInclude>
    <ClInclude Include="Game.h">
      <Filter>headers</Filter>
    </ClInclude>
    <ClInclude Include="Headers.h">
      <Filter>headers</Filter>
    </ClInclude>
    <ClInclude Include="Helpers.h">
      <Filter>headers</Filter>
    </ClInclude>
    <ClInclude Include="RectData.h">
      <Filter>headers</Filter>
    </ClInclude>
    <ClInclude Include="DDSTextureLoader.h" />
    <ClInclude Include="Particle.h">
      <Filter>headers</Filter>
    </ClInclude>
    <ClInclude Include="Object.h">
      <Filter>headers</Filter>
    </ClInclude>
    <ClInclude Include="Input.h">
      <Filter>headers</Filter>
    </ClInclude>
    <ClInclude Include="TileBatch.h">
      <Filter>headers</Filter>
    </ClInclude>
    <ClInclude Include="Timer.h">
      <Filter>headers\system</Filter>
    </ClInclude>
    <ClInclude Include="Camera.h">
      <Filter>headers\system</Filter>
    </ClInclude>
    <ClInclude Include="Shape.h">
      <Filter>headers</Filter>
    </ClInclude>
    <ClInclude Include="Texture.h">
      <Filter>headers\system</Filter>
    </ClInclude>
    <ClInclude Include="Map.h">
      <Filter>headers</Filter>
    </ClInclude>
    <ClInclude Include="Data.h">
      <Filter>headers</Filter>
    </ClInclude>
    <ClInclude Include="Shader.h">
      <Filter>headers\system</Filter>
    </ClInclude>
    <ClInclude Include="Controller.h">
      <Filter>headers\system</Filter>
    </ClInclude>
    <ClInclude Include="Text.h">
      <Filter>headers</Filter>
    </ClInclude>
    <ClInclude Include="CollisionManager.h">
      <Filter>headers</Filter>
    </ClInclude>
    <ClInclude Include="Item.h">
      <Filter>headers</Filter>
    </ClInclude>
    <ClInclude Include="Sprite.h">
      <Filter>headers</Filter>
    </ClInclude>
    <ClInclude Include="Player.h">
      <Filter>headers</Filter>
    </ClInclude>
    <ClInclude Include="WeaponEmitter.h">
      <Filter>headers</Filter>
    </ClInclude>
    <ClInclude Include="Part.h">
      <Filter>headers</Filter>
    </ClInclude>
    <ClInclude Include="Gun.h">
      <Filter>headers</Filter>
    </ClInclude>
    <ClInclude Include="Dx.h">
      <Filter>headers</Filter>
    </ClInclude>
    <ClInclude Include="Gme.h">
      <Filter>headers</Filter>
    </ClInclude>
    <ClInclude Include="UI.h">
      <Filter>headers</Filter>
    </ClInclude>
  </ItemGroup>
  <ItemGroup>
    <Filter Include="Shaders">
      <UniqueIdentifier>{152395b2-2bf4-4e00-8373-f58b67e535a8}</UniqueIdentifier>
    </Filter>
    <Filter Include="headers">
      <UniqueIdentifier>{80165ec0-a0c5-42d5-a5c6-92d9697137b0}</UniqueIdentifier>
    </Filter>
    <Filter Include="headers\system">
      <UniqueIdentifier>{8e450389-24f8-4af9-ba48-7b0c47a5810d}</UniqueIdentifier>
    </Filter>
  </ItemGroup>
  <ItemGroup>
    <None Include="Header.hlsli">
      <Filter>Shaders</Filter>
    </None>
  </ItemGroup>
</Project>